
Microsoft Visual Studio Solution File, Format Version 12.00
# Visual Studio Version 16
VisualStudioVersion = 16.0.32228.343
MinimumVisualStudioVersion = 10.0.40219.1
Project("{FAE04EC0-301F-11D3-BF4B-00C04F79EFBC}") = "GUI", "QLThuVien\GUI.csproj", "{A0FE8263-B5B5-4E49-8462-D20B4B846140}"
EndProject
Project("{FAE04EC0-301F-11D3-BF4B-00C04F79EFBC}") = "BLL", "BLL\BLL.csproj", "{B6B44699-F71B-4D2F-8026-D3B3930BED38}"
EndProject
Project("{FAE04EC0-301F-11D3-BF4B-00C04F79EFBC}") = "DAL", "DAL\DAL.csproj", "{A20B6600-0ABB-48D6-963E-D8AC64290356}"
EndProject
Project("{FAE04EC0-301F-11D3-BF4B-00C04F79EFBC}") = "DTO", "DTO\DTO.csproj", "{22AC3059-59B9-4C8A-8DCC-EE92F3835F71}"
EndProject
Global
	GlobalSection(SolutionConfigurationPlatforms) = preSolution
		Debug|Any CPU = Debug|Any CPU
		Release|Any CPU = Release|Any CPU
	EndGlobalSection
	GlobalSection(ProjectConfigurationPlatforms) = postSolution
		{A0FE8263-B5B5-4E49-8462-D20B4B846140}.Debug|Any CPU.ActiveCfg = Debug|Any CPU
		{A0FE8263-B5B5-4E49-8462-D20B4B846140}.Debug|Any CPU.Build.0 = Debug|Any CPU
		{A0FE8263-B5B5-4E49-8462-D20B4B846140}.Release|Any CPU.ActiveCfg = Release|Any CPU
		{A0FE8263-B5B5-4E49-8462-D20B4B846140}.Release|Any CPU.Build.0 = Release|Any CPU
		{B6B44699-F71B-4D2F-8026-D3B3930BED38}.Debug|Any CPU.ActiveCfg = Debug|Any CPU
		{B6B44699-F71B-4D2F-8026-D3B3930BED38}.Debug|Any CPU.Build.0 = Debug|Any CPU
		{B6B44699-F71B-4D2F-8026-D3B3930BED38}.Release|Any CPU.ActiveCfg = Release|Any CPU
		{B6B44699-F71B-4D2F-8026-D3B3930BED38}.Release|Any CPU.Build.0 = Release|Any CPU
		{A20B6600-0ABB-48D6-963E-D8AC64290356}.Debug|Any CPU.ActiveCfg = Debug|Any CPU
		{A20B6600-0ABB-48D6-963E-D8AC64290356}.Debug|Any CPU.Build.0 = Debug|Any CPU
		{A20B6600-0ABB-48D6-963E-D8AC64290356}.Release|Any CPU.ActiveCfg = Release|Any CPU
		{A20B6600-0ABB-48D6-963E-D8AC64290356}.Release|Any CPU.Build.0 = Release|Any CPU
		{22AC3059-59B9-4C8A-8DCC-EE92F3835F71}.Debug|Any CPU.ActiveCfg = Debug|Any CPU
		{22AC3059-59B9-4C8A-8DCC-EE92F3835F71}.Debug|Any CPU.Build.0 = Debug|Any CPU
		{22AC3059-59B9-4C8A-8DCC-EE92F3835F71}.Release|Any CPU.ActiveCfg = Release|Any CPU
		{22AC3059-59B9-4C8A-8DCC-EE92F3835F71}.Release|Any CPU.Build.0 = Release|Any CPU
	EndGlobalSection
	GlobalSection(SolutionProperties) = preSolution
		HideSolutionNode = FALSE
	EndGlobalSection
	GlobalSection(ExtensibilityGlobals) = postSolution
		SolutionGuid = {7D6E4ABB-1368-433C-A517-F9E7530DAC56}
	EndGlobalSection
EndGlobal
